# This file is automatically @generated by Cargo.
# It is not intended for manual editing.
version = 4

[[package]]
name = "bancada-events"
version = "0.0.0"
dependencies = [
 "bancada-meta",
]

[[package]]
name = "bancada-meta"
version = "0.0.0"

[[package]]
name = "bancada-rules"
version = "0.0.0"
dependencies = [
 "bancada-meta",
 "bancada-runtime",
]

[[package]]
name = "bancada-runtime"
version = "0.0.0"
